<?xml version="1.0" encoding="utf-8"?>
<Project ToolsVersion="4.0" xmlns="http://schemas.microsoft.com/developer/msbuild/2003">
  <ItemGroup>
    <Filter Include="Source Files">
      <UniqueIdentifier>{4FC737F1-C7A5-4376-A066-2A32D752A2FF}</UniqueIdentifier>
      <Extensions>cpp;c;cc;cxx;c++;cppm;ixx;def;odl;idl;hpj;bat;asm;asmx</Extensions>
    </Filter>
    <Filter Include="Header Files">
      <UniqueIdentifier>{93995380-89BD-4b04-88EB-625FBE52EBFB}</UniqueIdentifier>
      <Extensions>h;hh;hpp;hxx;h++;hm;inl;inc;ipp;xsd</Extensions>
    </Filter>
    <Filter Include="Resource Files">
      <UniqueIdentifier>{67DA6AB6-F800-4c08-8B7A-83BB121AAD01}</UniqueIdentifier>
      <Extensions>rc;ico;cur;bmp;dlg;rc2;rct;bin;rgs;gif;jpg;jpeg;jpe;resx;tiff;tif;png;wav;mfcribbon-ms</Extensions>
    </Filter>
    <Filter Include="Header Files\GameObject Files">
      <UniqueIdentifier>{13156448-fd95-4f2f-bf01-76e5bd91e99f}</UniqueIdentifier>
    </Filter>
    <Filter Include="Header Files\States">
      <UniqueIdentifier>{445fcdd0-9a55-4a48-97ae-159dc07e7c66}</UniqueIdentifier>
    </Filter>
    <Filter Include="Source Files\GameObject Files">
      <UniqueIdentifier>{7ab402cd-cf22-4933-9748-c36f49e78ea7}</UniqueIdentifier>
    </Filter>
    <Filter Include="Source Files\States">
      <UniqueIdentifier>{8d3e1174-6039-4a02-ac57-03ba72c41a52}</UniqueIdentifier>
    </Filter>
  </ItemGroup>
  <ItemGroup>
    <ClCompile Include="Main.cpp">
      <Filter>Source Files</Filter>
    </ClCompile>
    <ClCompile Include="SDLGame.cpp">
      <Filter>Source Files</Filter>
    </ClCompile>
    <ClCompile Include="ImageHandler.cpp">
      <Filter>Source Files</Filter>
    </ClCompile>
    <ClCompile Include="AnimationComponent.cpp">
      <Filter>Source Files</Filter>
    </ClCompile>
    <ClCompile Include="CollisionReferee.cpp">
      <Filter>Source Files</Filter>
    </ClCompile>
    <ClCompile Include="ColliderComponent.cpp">
      <Filter>Source Files</Filter>
    </ClCompile>
    <ClCompile Include="Background.cpp">
      <Filter>Source Files\GameObject Files</Filter>
    </ClCompile>
    <ClCompile Include="Catnip.cpp">
      <Filter>Source Files\GameObject Files</Filter>
    </ClCompile>
    <ClCompile Include="Couch.cpp">
      <Filter>Source Files\GameObject Files</Filter>
    </ClCompile>
    <ClCompile Include="Enemy.cpp">
      <Filter>Source Files\GameObject Files</Filter>
    </ClCompile>
    <ClCompile Include="MysteryNip.cpp">
      <Filter>Source Files\GameObject Files</Filter>
    </ClCompile>
    <ClCompile Include="Player.cpp">
      <Filter>Source Files\GameObject Files</Filter>
    </ClCompile>
    <ClCompile Include="StateLose.cpp">
      <Filter>Source Files\States</Filter>
    </ClCompile>
    <ClCompile Include="StateMainMenu.cpp">
      <Filter>Source Files\States</Filter>
    </ClCompile>
    <ClCompile Include="StateWin.cpp">
      <Filter>Source Files\States</Filter>
    </ClCompile>
    <ClCompile Include="StateGameplay.cpp">
      <Filter>Source Files\States</Filter>
    </ClCompile>
    <ClCompile Include="CatGameStateMachine.cpp">
      <Filter>Source Files\States</Filter>
    </ClCompile>
    <ClCompile Include="UIButton.cpp">
      <Filter>Source Files\GameObject Files</Filter>
    </ClCompile>
    <ClCompile Include="UITextField.cpp">
      <Filter>Source Files\GameObject Files</Filter>
    </ClCompile>
    <ClCompile Include="SoundReferee.cpp">
      <Filter>Source Files</Filter>
    </ClCompile>
    <ClCompile Include="SoundGameMusic.cpp">
      <Filter>Source Files</Filter>
    </ClCompile>
    <ClCompile Include="WinZone.cpp">
      <Filter>Source Files\GameObject Files</Filter>
    </ClCompile>
    <ClCompile Include="ImageObject.cpp">
      <Filter>Source Files\GameObject Files</Filter>
    </ClCompile>
    <ClCompile Include="RandomNumberGenerator.cpp">
      <Filter>Source Files</Filter>
    </ClCompile>
    <ClCompile Include="Boss.cpp">
      <Filter>Source Files\GameObject Files</Filter>
    </ClCompile>
    <ClCompile Include="State.cpp">
      <Filter>Source Files\States</Filter>
    </ClCompile>
    <ClCompile Include="StateBoss.cpp">
      <Filter>Source Files\States</Filter>
    </ClCompile>
    <ClCompile Include="AIStateReturn.cpp">
      <Filter>Source Files\States</Filter>
    </ClCompile>
    <ClCompile Include="AIStateChargeAndReturn.cpp">
      <Filter>Source Files\States</Filter>
    </ClCompile>
    <ClCompile Include="AIStateChase.cpp">
      <Filter>Source Files\States</Filter>
    </ClCompile>
    <ClCompile Include="AIStateMachine.cpp">
      <Filter>Source Files\States</Filter>
    </ClCompile>
    <ClCompile Include="AIStatePace.cpp">
      <Filter>Source Files\States</Filter>
    </ClCompile>
    <ClCompile Include="SaveData.cpp">
      <Filter>Source Files</Filter>
    </ClCompile>
    <ClCompile Include="StateLoad.cpp">
      <Filter>Source Files\States</Filter>
    </ClCompile>
    <ClCompile Include="StateNewGame.cpp">
      <Filter>Source Files\States</Filter>
    </ClCompile>
    <ClCompile Include="HealthBar.cpp">
      <Filter>Source Files\GameObject Files</Filter>
    </ClCompile>
    <ClCompile Include="ParticleSystem.cpp">
      <Filter>Source Files</Filter>
    </ClCompile>
  </ItemGroup>
  <ItemGroup>
    <ClInclude Include="SDLGame.h">
      <Filter>Header Files</Filter>
    </ClInclude>
    <ClInclude Include="ImageHandler.h">
      <Filter>Header Files</Filter>
    </ClInclude>
    <ClInclude Include="AnimationComponent.h">
      <Filter>Header Files</Filter>
    </ClInclude>
    <ClInclude Include="CollisionReferee.h">
      <Filter>Header Files</Filter>
    </ClInclude>
    <ClInclude Include="ColliderComponent.h">
      <Filter>Header Files</Filter>
    </ClInclude>
    <ClInclude Include="Vector2.h">
      <Filter>Header Files</Filter>
    </ClInclude>
    <ClInclude Include="Catnip.h">
      <Filter>Header Files\GameObject Files</Filter>
    </ClInclude>
    <ClInclude Include="Couch.h">
      <Filter>Header Files\GameObject Files</Filter>
    </ClInclude>
    <ClInclude Include="MysteryNip.h">
      <Filter>Header Files\GameObject Files</Filter>
    </ClInclude>
    <ClInclude Include="Enemy.h">
      <Filter>Header Files\GameObject Files</Filter>
    </ClInclude>
    <ClInclude Include="Player.h">
      <Filter>Header Files\GameObject Files</Filter>
    </ClInclude>
    <ClInclude Include="Background.h">
      <Filter>Header Files\GameObject Files</Filter>
    </ClInclude>
    <ClInclude Include="StateGameplay.h">
      <Filter>Header Files\States</Filter>
    </ClInclude>
    <ClInclude Include="StateLose.h">
      <Filter>Header Files\States</Filter>
    </ClInclude>
    <ClInclude Include="StateMainMenu.h">
      <Filter>Header Files\States</Filter>
    </ClInclude>
    <ClInclude Include="StateWin.h">
      <Filter>Header Files\States</Filter>
    </ClInclude>
    <ClInclude Include="GameStateMachine.h">
      <Filter>Header Files\States</Filter>
    </ClInclude>
    <ClInclude Include="GameState.h">
      <Filter>Header Files\States</Filter>
    </ClInclude>
    <ClInclude Include="CatGameStateMachine.h">
      <Filter>Header Files\States</Filter>
    </ClInclude>
    <ClInclude Include="UITextField.h">
      <Filter>Header Files\GameObject Files</Filter>
    </ClInclude>
    <ClInclude Include="UIButton.h">
      <Filter>Header Files\GameObject Files</Filter>
    </ClInclude>
    <ClInclude Include="SoundReferee.h">
      <Filter>Header Files</Filter>
    </ClInclude>
    <ClInclude Include="SoundGameMusic.h">
      <Filter>Header Files</Filter>
    </ClInclude>
    <ClInclude Include="WinZone.h">
      <Filter>Header Files\GameObject Files</Filter>
    </ClInclude>
    <ClInclude Include="ImageObject.h">
      <Filter>Header Files\GameObject Files</Filter>
    </ClInclude>
    <ClInclude Include="RandomNumberGenerator.h">
      <Filter>Header Files</Filter>
    </ClInclude>
    <ClInclude Include="Boss.h">
      <Filter>Header Files\GameObject Files</Filter>
    </ClInclude>
    <ClInclude Include="GameObject.h">
      <Filter>Header Files\GameObject Files</Filter>
    </ClInclude>
    <ClInclude Include="State.h">
      <Filter>Header Files\States</Filter>
    </ClInclude>
    <ClInclude Include="StateBoss.h">
      <Filter>Header Files\States</Filter>
    </ClInclude>
    <ClInclude Include="AIStateReturn.h">
      <Filter>Header Files\States</Filter>
    </ClInclude>
    <ClInclude Include="AIStatePace.h">
      <Filter>Header Files\States</Filter>
    </ClInclude>
    <ClInclude Include="AIStateChargeAndReturn.h">
      <Filter>Header Files\States</Filter>
    </ClInclude>
    <ClInclude Include="AIStateChase.h">
      <Filter>Header Files\States</Filter>
    </ClInclude>
    <ClInclude Include="AIStateMachine.h">
      <Filter>Header Files\States</Filter>
    </ClInclude>
    <ClInclude Include="SaveData.h">
      <Filter>Header Files</Filter>
    </ClInclude>
    <ClInclude Include="StateNewGame.h">
      <Filter>Header Files\States</Filter>
    </ClInclude>
    <ClInclude Include="StateLoad.h">
      <Filter>Header Files\States</Filter>
    </ClInclude>
    <ClInclude Include="HealthBar.h">
      <Filter>Header Files\GameObject Files</Filter>
    </ClInclude>
    <ClInclude Include="ParticleSystem.h">
      <Filter>Header Files</Filter>
    </ClInclude>
  </ItemGroup>
</Project>